
Microsoft Visual Studio Solution File, Format Version 12.00
# Visual Studio Version 17
VisualStudioVersion = 17.1.32421.90
MinimumVisualStudioVersion = 10.0.40219.1
Project("{2150E333-8FDC-42A3-9474-1A3956D46DE8}") = "Interface", "Interface", "{82901327-C075-4C90-811A-C3DC163832C4}"
EndProject
Project("{2150E333-8FDC-42A3-9474-1A3956D46DE8}") = "Services", "Services", "{B289FC95-BAD3-4A30-AE95-066D8B3656B8}"
EndProject
Project("{2150E333-8FDC-42A3-9474-1A3956D46DE8}") = "Game", "Game", "{AE2F1350-83F1-4584-9BEB-D8FCF73E802E}"
EndProject
Project("{2150E333-8FDC-42A3-9474-1A3956D46DE8}") = "Identity", "Identity", "{8517D99F-B358-4DB9-B910-297046B7F31D}"
EndProject
Project("{9A19103F-16F7-4668-BE54-9A1E7A4F7556}") = "Game.API", "Services\Game\Game.API\Game.API.csproj", "{564608BB-8B3F-46D5-8068-21E72BFFD165}"
EndProject
Project("{9A19103F-16F7-4668-BE54-9A1E7A4F7556}") = "Game.Infrastructure", "Services\Game\Game.Infrastructure\Game.Infrastructure.csproj", "{5F02A1F9-76FC-4B7C-8DA1-895B06B9ECC9}"
EndProject
Project("{2150E333-8FDC-42A3-9474-1A3956D46DE8}") = "BuildingBlocks", "BuildingBlocks", "{69F19E4B-6BD2-4D63-B34C-2BC53EAFC6D0}"
EndProject
Project("{2150E333-8FDC-42A3-9474-1A3956D46DE8}") = "EventBus", "EventBus", "{318AA069-F809-4AFE-A8B0-4602C4061132}"
EndProject
Project("{2150E333-8FDC-42A3-9474-1A3956D46DE8}") = "Common", "Common", "{62F8A184-FE9B-4463-AD29-EECFF3BE6CAB}"
EndProject
Project("{9A19103F-16F7-4668-BE54-9A1E7A4F7556}") = "Game.Domain", "Services\Game\Game.Domain\Game.Domain.csproj", "{5DAE3FB4-480E-42BD-9EC6-23FA4DB11D31}"
EndProject
Project("{9A19103F-16F7-4668-BE54-9A1E7A4F7556}") = "Game.Application", "Services\Game\Game.Application\Game.Application.csproj", "{2C076E46-DA30-45C4-B7C8-B2B0890C08DF}"
EndProject
Project("{9A19103F-16F7-4668-BE54-9A1E7A4F7556}") = "Common.ViewModels", "BuildingBlocks\Common\Common.ViewModels\Common.ViewModels.csproj", "{DFC91276-CE65-4EE4-BBBE-44731E7539D9}"
EndProject
Project("{9A19103F-16F7-4668-BE54-9A1E7A4F7556}") = "EventBus.Contracts", "BuildingBlocks\EventBus\EventBus.Contracts\EventBus.Contracts.csproj", "{14A3D083-4CD6-414E-86AF-3950BA1089E8}"
EndProject
Project("{9A19103F-16F7-4668-BE54-9A1E7A4F7556}") = "Game.Blazor", "Interface\Game.Blazor\Game.Blazor.csproj", "{B9D8182B-876B-4F2D-B0CE-925F97325618}"
EndProject
Project("{2150E333-8FDC-42A3-9474-1A3956D46DE8}") = "Tests", "Tests", "{FFE90990-A3E7-4250-87F0-A1701C30FB86}"
EndProject
Project("{9A19103F-16F7-4668-BE54-9A1E7A4F7556}") = "Game.Application.Tests", "Tests\Game.Application.Tests\Game.Application.Tests.csproj", "{DB2A25DD-53AF-406F-BB1F-97B3FB9082B9}"
EndProject
Project("{9A19103F-16F7-4668-BE54-9A1E7A4F7556}") = "Identity.API", "Services\Indentity\Identity.API\Identity.API.csproj", "{B1F27F0E-FCAC-4093-B63B-3F44366AF46F}"
EndProject
Global
	GlobalSection(SolutionConfigurationPlatforms) = preSolution
		Debug|Any CPU = Debug|Any CPU
		Release|Any CPU = Release|Any CPU
	EndGlobalSection
	GlobalSection(ProjectConfigurationPlatforms) = postSolution
		{564608BB-8B3F-46D5-8068-21E72BFFD165}.Debug|Any CPU.ActiveCfg = Debug|Any CPU
		{564608BB-8B3F-46D5-8068-21E72BFFD165}.Debug|Any CPU.Build.0 = Debug|Any CPU
		{564608BB-8B3F-46D5-8068-21E72BFFD165}.Release|Any CPU.ActiveCfg = Release|Any CPU
		{564608BB-8B3F-46D5-8068-21E72BFFD165}.Release|Any CPU.Build.0 = Release|Any CPU
		{5F02A1F9-76FC-4B7C-8DA1-895B06B9ECC9}.Debug|Any CPU.ActiveCfg = Debug|Any CPU
		{5F02A1F9-76FC-4B7C-8DA1-895B06B9ECC9}.Debug|Any CPU.Build.0 = Debug|Any CPU
		{5F02A1F9-76FC-4B7C-8DA1-895B06B9ECC9}.Release|Any CPU.ActiveCfg = Release|Any CPU
		{5F02A1F9-76FC-4B7C-8DA1-895B06B9ECC9}.Release|Any CPU.Build.0 = Release|Any CPU
		{5DAE3FB4-480E-42BD-9EC6-23FA4DB11D31}.Debug|Any CPU.ActiveCfg = Debug|Any CPU
		{5DAE3FB4-480E-42BD-9EC6-23FA4DB11D31}.Debug|Any CPU.Build.0 = Debug|Any CPU
		{5DAE3FB4-480E-42BD-9EC6-23FA4DB11D31}.Release|Any CPU.ActiveCfg = Release|Any CPU
		{5DAE3FB4-480E-42BD-9EC6-23FA4DB11D31}.Release|Any CPU.Build.0 = Release|Any CPU
		{2C076E46-DA30-45C4-B7C8-B2B0890C08DF}.Debug|Any CPU.ActiveCfg = Debug|Any CPU
		{2C076E46-DA30-45C4-B7C8-B2B0890C08DF}.Debug|Any CPU.Build.0 = Debug|Any CPU
		{2C076E46-DA30-45C4-B7C8-B2B0890C08DF}.Release|Any CPU.ActiveCfg = Release|Any CPU
		{2C076E46-DA30-45C4-B7C8-B2B0890C08DF}.Release|Any CPU.Build.0 = Release|Any CPU
		{DFC91276-CE65-4EE4-BBBE-44731E7539D9}.Debug|Any CPU.ActiveCfg = Debug|Any CPU
		{DFC91276-CE65-4EE4-BBBE-44731E7539D9}.Debug|Any CPU.Build.0 = Debug|Any CPU
		{DFC91276-CE65-4EE4-BBBE-44731E7539D9}.Release|Any CPU.ActiveCfg = Release|Any CPU
		{DFC91276-CE65-4EE4-BBBE-44731E7539D9}.Release|Any CPU.Build.0 = Release|Any CPU
		{14A3D083-4CD6-414E-86AF-3950BA1089E8}.Debug|Any CPU.ActiveCfg = Debug|Any CPU
		{14A3D083-4CD6-414E-86AF-3950BA1089E8}.Debug|Any CPU.Build.0 = Debug|Any CPU
		{14A3D083-4CD6-414E-86AF-3950BA1089E8}.Release|Any CPU.ActiveCfg = Release|Any CPU
		{14A3D083-4CD6-414E-86AF-3950BA1089E8}.Release|Any CPU.Build.0 = Release|Any CPU
		{B9D8182B-876B-4F2D-B0CE-925F97325618}.Debug|Any CPU.ActiveCfg = Debug|Any CPU
		{B9D8182B-876B-4F2D-B0CE-925F97325618}.Debug|Any CPU.Build.0 = Debug|Any CPU
		{B9D8182B-876B-4F2D-B0CE-925F97325618}.Release|Any CPU.ActiveCfg = Release|Any CPU
		{B9D8182B-876B-4F2D-B0CE-925F97325618}.Release|Any CPU.Build.0 = Release|Any CPU
		{DB2A25DD-53AF-406F-BB1F-97B3FB9082B9}.Debug|Any CPU.ActiveCfg = Debug|Any CPU
		{DB2A25DD-53AF-406F-BB1F-97B3FB9082B9}.Debug|Any CPU.Build.0 = Debug|Any CPU
		{DB2A25DD-53AF-406F-BB1F-97B3FB9082B9}.Release|Any CPU.ActiveCfg = Release|Any CPU
		{DB2A25DD-53AF-406F-BB1F-97B3FB9082B9}.Release|Any CPU.Build.0 = Release|Any CPU
		{B1F27F0E-FCAC-4093-B63B-3F44366AF46F}.Debug|Any CPU.ActiveCfg = Debug|Any CPU
		{B1F27F0E-FCAC-4093-B63B-3F44366AF46F}.Debug|Any CPU.Build.0 = Debug|Any CPU
		{B1F27F0E-FCAC-4093-B63B-3F44366AF46F}.Release|Any CPU.ActiveCfg = Release|Any CPU
		{B1F27F0E-FCAC-4093-B63B-3F44366AF46F}.Release|Any CPU.Build.0 = Release|Any CPU
	EndGlobalSection
	GlobalSection(SolutionProperties) = preSolution
		HideSolutionNode = FALSE
	EndGlobalSection
	GlobalSection(NestedProjects) = preSolution
		{AE2F1350-83F1-4584-9BEB-D8FCF73E802E} = {B289FC95-BAD3-4A30-AE95-066D8B3656B8}
		{8517D99F-B358-4DB9-B910-297046B7F31D} = {B289FC95-BAD3-4A30-AE95-066D8B3656B8}
		{564608BB-8B3F-46D5-8068-21E72BFFD165} = {AE2F1350-83F1-4584-9BEB-D8FCF73E802E}
		{5F02A1F9-76FC-4B7C-8DA1-895B06B9ECC9} = {AE2F1350-83F1-4584-9BEB-D8FCF73E802E}
		{318AA069-F809-4AFE-A8B0-4602C4061132} = {69F19E4B-6BD2-4D63-B34C-2BC53EAFC6D0}
		{62F8A184-FE9B-4463-AD29-EECFF3BE6CAB} = {69F19E4B-6BD2-4D63-B34C-2BC53EAFC6D0}
		{5DAE3FB4-480E-42BD-9EC6-23FA4DB11D31} = {AE2F1350-83F1-4584-9BEB-D8FCF73E802E}
		{2C076E46-DA30-45C4-B7C8-B2B0890C08DF} = {AE2F1350-83F1-4584-9BEB-D8FCF73E802E}
		{DFC91276-CE65-4EE4-BBBE-44731E7539D9} = {62F8A184-FE9B-4463-AD29-EECFF3BE6CAB}
		{14A3D083-4CD6-414E-86AF-3950BA1089E8} = {318AA069-F809-4AFE-A8B0-4602C4061132}
		{B9D8182B-876B-4F2D-B0CE-925F97325618} = {82901327-C075-4C90-811A-C3DC163832C4}
		{DB2A25DD-53AF-406F-BB1F-97B3FB9082B9} = {FFE90990-A3E7-4250-87F0-A1701C30FB86}
		{B1F27F0E-FCAC-4093-B63B-3F44366AF46F} = {8517D99F-B358-4DB9-B910-297046B7F31D}
	EndGlobalSection
	GlobalSection(ExtensibilityGlobals) = postSolution
		SolutionGuid = {70DC1BF5-9BCE-488D-B85A-B3100DEDAE7A}
	EndGlobalSection
EndGlobal
